
Microsoft Visual Studio Solution File, Format Version 12.00
# Visual Studio Version 17
VisualStudioVersion = 17.5.33530.505
MinimumVisualStudioVersion = 10.0.40219.1
Project("{9A19103F-16F7-4668-BE54-9A1E7A4F7556}") = "Test.API", "Test.API.csproj", "{43326942-332F-475F-808C-1DF5991E5DB0}"
EndProject
Global
	GlobalSection(SolutionConfigurationPlatforms) = preSolution
		Debug|Any CPU = Debug|Any CPU
		Release|Any CPU = Release|Any CPU
	EndGlobalSection
	GlobalSection(ProjectConfigurationPlatforms) = postSolution
		{43326942-332F-475F-808C-1DF5991E5DB0}.Debug|Any CPU.ActiveCfg = Debug|Any CPU
		{43326942-332F-475F-808C-1DF5991E5DB0}.Debug|Any CPU.Build.0 = Debug|Any CPU
		{43326942-332F-475F-808C-1DF5991E5DB0}.Release|Any CPU.ActiveCfg = Release|Any CPU
		{43326942-332F-475F-808C-1DF5991E5DB0}.Release|Any CPU.Build.0 = Release|Any CPU
	EndGlobalSection
	GlobalSection(SolutionProperties) = preSolution
		HideSolutionNode = FALSE
	EndGlobalSection
	GlobalSection(ExtensibilityGlobals) = postSolution
		SolutionGuid = {9C8C0D47-E3CB-4821-8AD6-E8E60D884564}
	EndGlobalSection
EndGlobal
